
Microsoft Visual Studio Solution File, Format Version 12.00
# Visual Studio 15
VisualStudioVersion = 15.0.28010.2041
MinimumVisualStudioVersion = 10.0.40219.1
Project("{8BC9CEB8-8B4A-11D0-8D11-00A0C91BC942}") = "ex1.2", "ex1.2\ex1.2.vcxproj", "{A17F89DE-705F-4113-B4C8-0EB21F708CEE}"
EndProject
Project("{8BC9CEB8-8B4A-11D0-8D11-00A0C91BC942}") = "ex1.3", "ex1.3\ex1.3.vcxproj", "{56F02E76-1C9B-4EBB-A550-758D7ABD9BCE}"
EndProject
Project("{8BC9CEB8-8B4A-11D0-8D11-00A0C91BC942}") = "ex1.4", "ex1.4\ex1.4.vcxproj", "{9754D0D3-6D03-49EF-AE7C-41FD04D4AA5B}"
EndProject
Project("{8BC9CEB8-8B4A-11D0-8D11-00A0C91BC942}") = "ex1.5", "ex1.5\ex1.5.vcxproj", "{FB8F650E-D14B-46DA-9819-81F6C361B41C}"
EndProject
Project("{8BC9CEB8-8B4A-11D0-8D11-00A0C91BC942}") = "ex1.6", "ex1.6\ex1.6.vcxproj", "{67386C2E-287F-48F6-B28D-CE2E04689BD3}"
EndProject
Project("{8BC9CEB8-8B4A-11D0-8D11-00A0C91BC942}") = "ex1.1", "ex1.1\ex1.1.vcxproj", "{35572799-8AD1-4A3A-A030-8DFE8FF3173B}"
EndProject
Project("{8BC9CEB8-8B4A-11D0-8D11-00A0C91BC942}") = "ex2.1", "ex2.1\ex2.1.vcxproj", "{EA1C0350-A1AB-448B-B28F-33FEF443EC18}"
EndProject
Project("{8BC9CEB8-8B4A-11D0-8D11-00A0C91BC942}") = "ex2.2a", "ex2.2\ex2.2.vcxproj", "{B9F3250F-F0E4-431F-BB5A-2A19F308C674}"
EndProject
Project("{8BC9CEB8-8B4A-11D0-8D11-00A0C91BC942}") = "ex2.2b", "ex2.2b\ex2.2b.vcxproj", "{536188AB-394A-4C98-99E3-518AB1A18122}"
EndProject
Project("{8BC9CEB8-8B4A-11D0-8D11-00A0C91BC942}") = "ex2.2c", "ex2.2c\ex2.2c.vcxproj", "{AB44F855-F28E-43B7-82F8-7D1CDB3E7A20}"
EndProject
Project("{8BC9CEB8-8B4A-11D0-8D11-00A0C91BC942}") = "ex2.3", "ex2.3\ex2.3.vcxproj", "{72A46D82-C250-4AF7-86AC-55550EE4E5AF}"
EndProject
Project("{8BC9CEB8-8B4A-11D0-8D11-00A0C91BC942}") = "ex2.4", "ex2.4\ex2.4.vcxproj", "{55FF8368-829F-4FB0-8C3A-F47608C0855C}"
EndProject
Project("{8BC9CEB8-8B4A-11D0-8D11-00A0C91BC942}") = "ex2.5", "ex2.5\ex2.5.vcxproj", "{284B770D-4E2E-4A28-B822-6EEAD42160B0}"
EndProject
Project("{8BC9CEB8-8B4A-11D0-8D11-00A0C91BC942}") = "ex2.6a", "ex2.6\ex2.6.vcxproj", "{824891FE-5141-4B28-B1C8-6AA110D95568}"
EndProject
Project("{8BC9CEB8-8B4A-11D0-8D11-00A0C91BC942}") = "ex3.1", "ex3.1\ex3.1.vcxproj", "{FB491B6C-951B-4FFC-B0CE-F67A4CC38579}"
EndProject
Project("{8BC9CEB8-8B4A-11D0-8D11-00A0C91BC942}") = "ex3.2", "ex3.2\ex3.2.vcxproj", "{0D5E4892-BC51-4FB5-A55D-6AB3B81D177F}"
EndProject
Project("{8BC9CEB8-8B4A-11D0-8D11-00A0C91BC942}") = "ex3.3", "ex3.3\ex3.3.vcxproj", "{64C2BD78-C9EC-456C-B87D-47393C1BF137}"
EndProject
Project("{8BC9CEB8-8B4A-11D0-8D11-00A0C91BC942}") = "ex3.4", "ex3.4\ex3.4.vcxproj", "{943FC672-E5B7-4A0A-A837-36EA71DBA202}"
EndProject
Project("{8BC9CEB8-8B4A-11D0-8D11-00A0C91BC942}") = "ex3.5", "ex3.5\ex3.5.vcxproj", "{45E6E2C0-009B-4436-9822-35B46E7422E9}"
EndProject
Project("{8BC9CEB8-8B4A-11D0-8D11-00A0C91BC942}") = "ex3.6", "ex3.6\ex3.6.vcxproj", "{CBC37396-94DE-4B7B-8ECF-255A35C93ADA}"
EndProject
Project("{8BC9CEB8-8B4A-11D0-8D11-00A0C91BC942}") = "ex4.1", "ex4.1\ex4.1.vcxproj", "{5FEC7D0D-F9F6-457D-BC9E-18D2FA4338B0}"
EndProject
Project("{8BC9CEB8-8B4A-11D0-8D11-00A0C91BC942}") = "ex4.2", "ex4.2\ex4.2.vcxproj", "{DCE74441-F407-4ADB-A4FC-C744BB6D17B0}"
EndProject
Project("{8BC9CEB8-8B4A-11D0-8D11-00A0C91BC942}") = "ex4.3", "ex4.3\ex4.3.vcxproj", "{17F76B9B-272A-4354-B6FE-BB5379192A4C}"
EndProject
Project("{8BC9CEB8-8B4A-11D0-8D11-00A0C91BC942}") = "ex4.5", "ex4.5\ex4.5.vcxproj", "{4606F1D7-8C6C-4889-A5EE-3AAEB9FEAC3D}"
EndProject
Global
	GlobalSection(SolutionConfigurationPlatforms) = preSolution
		Debug|x64 = Debug|x64
		Debug|x86 = Debug|x86
		Release|x64 = Release|x64
		Release|x86 = Release|x86
	EndGlobalSection
	GlobalSection(ProjectConfigurationPlatforms) = postSolution
		{A17F89DE-705F-4113-B4C8-0EB21F708CEE}.Debug|x64.ActiveCfg = Debug|x64
		{A17F89DE-705F-4113-B4C8-0EB21F708CEE}.Debug|x64.Build.0 = Debug|x64
		{A17F89DE-705F-4113-B4C8-0EB21F708CEE}.Debug|x86.ActiveCfg = Debug|Win32
		{A17F89DE-705F-4113-B4C8-0EB21F708CEE}.Debug|x86.Build.0 = Debug|Win32
		{A17F89DE-705F-4113-B4C8-0EB21F708CEE}.Release|x64.ActiveCfg = Release|x64
		{A17F89DE-705F-4113-B4C8-0EB21F708CEE}.Release|x64.Build.0 = Release|x64
		{A17F89DE-705F-4113-B4C8-0EB21F708CEE}.Release|x86.ActiveCfg = Release|Win32
		{A17F89DE-705F-4113-B4C8-0EB21F708CEE}.Release|x86.Build.0 = Release|Win32
		{56F02E76-1C9B-4EBB-A550-758D7ABD9BCE}.Debug|x64.ActiveCfg = Debug|x64
		{56F02E76-1C9B-4EBB-A550-758D7ABD9BCE}.Debug|x64.Build.0 = Debug|x64
		{56F02E76-1C9B-4EBB-A550-758D7ABD9BCE}.Debug|x86.ActiveCfg = Debug|Win32
		{56F02E76-1C9B-4EBB-A550-758D7ABD9BCE}.Debug|x86.Build.0 = Debug|Win32
		{56F02E76-1C9B-4EBB-A550-758D7ABD9BCE}.Release|x64.ActiveCfg = Release|x64
		{56F02E76-1C9B-4EBB-A550-758D7ABD9BCE}.Release|x64.Build.0 = Release|x64
		{56F02E76-1C9B-4EBB-A550-758D7ABD9BCE}.Release|x86.ActiveCfg = Release|Win32
		{56F02E76-1C9B-4EBB-A550-758D7ABD9BCE}.Release|x86.Build.0 = Release|Win32
		{9754D0D3-6D03-49EF-AE7C-41FD04D4AA5B}.Debug|x64.ActiveCfg = Debug|x64
		{9754D0D3-6D03-49EF-AE7C-41FD04D4AA5B}.Debug|x64.Build.0 = Debug|x64
		{9754D0D3-6D03-49EF-AE7C-41FD04D4AA5B}.Debug|x86.ActiveCfg = Debug|Win32
		{9754D0D3-6D03-49EF-AE7C-41FD04D4AA5B}.Debug|x86.Build.0 = Debug|Win32
		{9754D0D3-6D03-49EF-AE7C-41FD04D4AA5B}.Release|x64.ActiveCfg = Release|x64
		{9754D0D3-6D03-49EF-AE7C-41FD04D4AA5B}.Release|x64.Build.0 = Release|x64
		{9754D0D3-6D03-49EF-AE7C-41FD04D4AA5B}.Release|x86.ActiveCfg = Release|Win32
		{9754D0D3-6D03-49EF-AE7C-41FD04D4AA5B}.Release|x86.Build.0 = Release|Win32
		{FB8F650E-D14B-46DA-9819-81F6C361B41C}.Debug|x64.ActiveCfg = Debug|x64
		{FB8F650E-D14B-46DA-9819-81F6C361B41C}.Debug|x64.Build.0 = Debug|x64
		{FB8F650E-D14B-46DA-9819-81F6C361B41C}.Debug|x86.ActiveCfg = Debug|Win32
		{FB8F650E-D14B-46DA-9819-81F6C361B41C}.Debug|x86.Build.0 = Debug|Win32
		{FB8F650E-D14B-46DA-9819-81F6C361B41C}.Release|x64.ActiveCfg = Release|x64
		{FB8F650E-D14B-46DA-9819-81F6C361B41C}.Release|x64.Build.0 = Release|x64
		{FB8F650E-D14B-46DA-9819-81F6C361B41C}.Release|x86.ActiveCfg = Release|Win32
		{FB8F650E-D14B-46DA-9819-81F6C361B41C}.Release|x86.Build.0 = Release|Win32
		{67386C2E-287F-48F6-B28D-CE2E04689BD3}.Debug|x64.ActiveCfg = Debug|x64
		{67386C2E-287F-48F6-B28D-CE2E04689BD3}.Debug|x64.Build.0 = Debug|x64
		{67386C2E-287F-48F6-B28D-CE2E04689BD3}.Debug|x86.ActiveCfg = Debug|Win32
		{67386C2E-287F-48F6-B28D-CE2E04689BD3}.Debug|x86.Build.0 = Debug|Win32
		{67386C2E-287F-48F6-B28D-CE2E04689BD3}.Release|x64.ActiveCfg = Release|x64
		{67386C2E-287F-48F6-B28D-CE2E04689BD3}.Release|x64.Build.0 = Release|x64
		{67386C2E-287F-48F6-B28D-CE2E04689BD3}.Release|x86.ActiveCfg = Release|Win32
		{67386C2E-287F-48F6-B28D-CE2E04689BD3}.Release|x86.Build.0 = Release|Win32
		{35572799-8AD1-4A3A-A030-8DFE8FF3173B}.Debug|x64.ActiveCfg = Debug|x64
		{35572799-8AD1-4A3A-A030-8DFE8FF3173B}.Debug|x64.Build.0 = Debug|x64
		{35572799-8AD1-4A3A-A030-8DFE8FF3173B}.Debug|x86.ActiveCfg = Debug|Win32
		{35572799-8AD1-4A3A-A030-8DFE8FF3173B}.Debug|x86.Build.0 = Debug|Win32
		{35572799-8AD1-4A3A-A030-8DFE8FF3173B}.Release|x64.ActiveCfg = Release|x64
		{35572799-8AD1-4A3A-A030-8DFE8FF3173B}.Release|x64.Build.0 = Release|x64
		{35572799-8AD1-4A3A-A030-8DFE8FF3173B}.Release|x86.ActiveCfg = Release|Win32
		{35572799-8AD1-4A3A-A030-8DFE8FF3173B}.Release|x86.Build.0 = Release|Win32
		{EA1C0350-A1AB-448B-B28F-33FEF443EC18}.Debug|x64.ActiveCfg = Debug|x64
		{EA1C0350-A1AB-448B-B28F-33FEF443EC18}.Debug|x64.Build.0 = Debug|x64
		{EA1C0350-A1AB-448B-B28F-33FEF443EC18}.Debug|x86.ActiveCfg = Debug|Win32
		{EA1C0350-A1AB-448B-B28F-33FEF443EC18}.Debug|x86.Build.0 = Debug|Win32
		{EA1C0350-A1AB-448B-B28F-33FEF443EC18}.Release|x64.ActiveCfg = Release|x64
		{EA1C0350-A1AB-448B-B28F-33FEF443EC18}.Release|x64.Build.0 = Release|x64
		{EA1C0350-A1AB-448B-B28F-33FEF443EC18}.Release|x86.ActiveCfg = Release|Win32
		{EA1C0350-A1AB-448B-B28F-33FEF443EC18}.Release|x86.Build.0 = Release|Win32
		{B9F3250F-F0E4-431F-BB5A-2A19F308C674}.Debug|x64.ActiveCfg = Debug|x64
		{B9F3250F-F0E4-431F-BB5A-2A19F308C674}.Debug|x64.Build.0 = Debug|x64
		{B9F3250F-F0E4-431F-BB5A-2A19F308C674}.Debug|x86.ActiveCfg = Debug|Win32
		{B9F3250F-F0E4-431F-BB5A-2A19F308C674}.Debug|x86.Build.0 = Debug|Win32
		{B9F3250F-F0E4-431F-BB5A-2A19F308C674}.Release|x64.ActiveCfg = Release|x64
		{B9F3250F-F0E4-431F-BB5A-2A19F308C674}.Release|x64.Build.0 = Release|x64
		{B9F3250F-F0E4-431F-BB5A-2A19F308C674}.Release|x86.ActiveCfg = Release|Win32
		{B9F3250F-F0E4-431F-BB5A-2A19F308C674}.Release|x86.Build.0 = Release|Win32
		{536188AB-394A-4C98-99E3-518AB1A18122}.Debug|x64.ActiveCfg = Debug|x64
		{536188AB-394A-4C98-99E3-518AB1A18122}.Debug|x64.Build.0 = Debug|x64
		{536188AB-394A-4C98-99E3-518AB1A18122}.Debug|x86.ActiveCfg = Debug|Win32
		{536188AB-394A-4C98-99E3-518AB1A18122}.Debug|x86.Build.0 = Debug|Win32
		{536188AB-394A-4C98-99E3-518AB1A18122}.Release|x64.ActiveCfg = Release|x64
		{536188AB-394A-4C98-99E3-518AB1A18122}.Release|x64.Build.0 = Release|x64
		{536188AB-394A-4C98-99E3-518AB1A18122}.Release|x86.ActiveCfg = Release|Win32
		{536188AB-394A-4C98-99E3-518AB1A18122}.Release|x86.Build.0 = Release|Win32
		{AB44F855-F28E-43B7-82F8-7D1CDB3E7A20}.Debug|x64.ActiveCfg = Debug|x64
		{AB44F855-F28E-43B7-82F8-7D1CDB3E7A20}.Debug|x64.Build.0 = Debug|x64
		{AB44F855-F28E-43B7-82F8-7D1CDB3E7A20}.Debug|x86.ActiveCfg = Debug|Win32
		{AB44F855-F28E-43B7-82F8-7D1CDB3E7A20}.Debug|x86.Build.0 = Debug|Win32
		{AB44F855-F28E-43B7-82F8-7D1CDB3E7A20}.Release|x64.ActiveCfg = Release|x64
		{AB44F855-F28E-43B7-82F8-7D1CDB3E7A20}.Release|x64.Build.0 = Release|x64
		{AB44F855-F28E-43B7-82F8-7D1CDB3E7A20}.Release|x86.ActiveCfg = Release|Win32
		{AB44F855-F28E-43B7-82F8-7D1CDB3E7A20}.Release|x86.Build.0 = Release|Win32
		{72A46D82-C250-4AF7-86AC-55550EE4E5AF}.Debug|x64.ActiveCfg = Debug|x64
		{72A46D82-C250-4AF7-86AC-55550EE4E5AF}.Debug|x64.Build.0 = Debug|x64
		{72A46D82-C250-4AF7-86AC-55550EE4E5AF}.Debug|x86.ActiveCfg = Debug|Win32
		{72A46D82-C250-4AF7-86AC-55550EE4E5AF}.Debug|x86.Build.0 = Debug|Win32
		{72A46D82-C250-4AF7-86AC-55550EE4E5AF}.Release|x64.ActiveCfg = Release|x64
		{72A46D82-C250-4AF7-86AC-55550EE4E5AF}.Release|x64.Build.0 = Release|x64
		{72A46D82-C250-4AF7-86AC-55550EE4E5AF}.Release|x86.ActiveCfg = Release|Win32
		{72A46D82-C250-4AF7-86AC-55550EE4E5AF}.Release|x86.Build.0 = Release|Win32
		{55FF8368-829F-4FB0-8C3A-F47608C0855C}.Debug|x64.ActiveCfg = Debug|x64
		{55FF8368-829F-4FB0-8C3A-F47608C0855C}.Debug|x64.Build.0 = Debug|x64
		{55FF8368-829F-4FB0-8C3A-F47608C0855C}.Debug|x86.ActiveCfg = Debug|Win32
		{55FF8368-829F-4FB0-8C3A-F47608C0855C}.Debug|x86.Build.0 = Debug|Win32
		{55FF8368-829F-4FB0-8C3A-F47608C0855C}.Release|x64.ActiveCfg = Release|x64
		{55FF8368-829F-4FB0-8C3A-F47608C0855C}.Release|x64.Build.0 = Release|x64
		{55FF8368-829F-4FB0-8C3A-F47608C0855C}.Release|x86.ActiveCfg = Release|Win32
		{55FF8368-829F-4FB0-8C3A-F47608C0855C}.Release|x86.Build.0 = Release|Win32
		{284B770D-4E2E-4A28-B822-6EEAD42160B0}.Debug|x64.ActiveCfg = Debug|x64
		{284B770D-4E2E-4A28-B822-6EEAD42160B0}.Debug|x64.Build.0 = Debug|x64
		{284B770D-4E2E-4A28-B822-6EEAD42160B0}.Debug|x86.ActiveCfg = Debug|Win32
		{284B770D-4E2E-4A28-B822-6EEAD42160B0}.Debug|x86.Build.0 = Debug|Win32
		{284B770D-4E2E-4A28-B822-6EEAD42160B0}.Release|x64.ActiveCfg = Release|x64
		{284B770D-4E2E-4A28-B822-6EEAD42160B0}.Release|x64.Build.0 = Release|x64
		{284B770D-4E2E-4A28-B822-6EEAD42160B0}.Release|x86.ActiveCfg = Release|Win32
		{284B770D-4E2E-4A28-B822-6EEAD42160B0}.Release|x86.Build.0 = Release|Win32
		{824891FE-5141-4B28-B1C8-6AA110D95568}.Debug|x64.ActiveCfg = Debug|x64
		{824891FE-5141-4B28-B1C8-6AA110D95568}.Debug|x64.Build.0 = Debug|x64
		{824891FE-5141-4B28-B1C8-6AA110D95568}.Debug|x86.ActiveCfg = Debug|Win32
		{824891FE-5141-4B28-B1C8-6AA110D95568}.Debug|x86.Build.0 = Debug|Win32
		{824891FE-5141-4B28-B1C8-6AA110D95568}.Release|x64.ActiveCfg = Release|x64
		{824891FE-5141-4B28-B1C8-6AA110D95568}.Release|x64.Build.0 = Release|x64
		{824891FE-5141-4B28-B1C8-6AA110D95568}.Release|x86.ActiveCfg = Release|Win32
		{824891FE-5141-4B28-B1C8-6AA110D95568}.Release|x86.Build.0 = Release|Win32
		{FB491B6C-951B-4FFC-B0CE-F67A4CC38579}.Debug|x64.ActiveCfg = Debug|x64
		{FB491B6C-951B-4FFC-B0CE-F67A4CC38579}.Debug|x64.Build.0 = Debug|x64
		{FB491B6C-951B-4FFC-B0CE-F67A4CC38579}.Debug|x86.ActiveCfg = Debug|Win32
		{FB491B6C-951B-4FFC-B0CE-F67A4CC38579}.Debug|x86.Build.0 = Debug|Win32
		{FB491B6C-951B-4FFC-B0CE-F67A4CC38579}.Release|x64.ActiveCfg = Release|x64
		{FB491B6C-951B-4FFC-B0CE-F67A4CC38579}.Release|x64.Build.0 = Release|x64
		{FB491B6C-951B-4FFC-B0CE-F67A4CC38579}.Release|x86.ActiveCfg = Release|Win32
		{FB491B6C-951B-4FFC-B0CE-F67A4CC38579}.Release|x86.Build.0 = Release|Win32
		{0D5E4892-BC51-4FB5-A55D-6AB3B81D177F}.Debug|x64.ActiveCfg = Debug|x64
		{0D5E4892-BC51-4FB5-A55D-6AB3B81D177F}.Debug|x64.Build.0 = Debug|x64
		{0D5E4892-BC51-4FB5-A55D-6AB3B81D177F}.Debug|x86.ActiveCfg = Debug|Win32
		{0D5E4892-BC51-4FB5-A55D-6AB3B81D177F}.Debug|x86.Build.0 = Debug|Win32
		{0D5E4892-BC51-4FB5-A55D-6AB3B81D177F}.Release|x64.ActiveCfg = Release|x64
		{0D5E4892-BC51-4FB5-A55D-6AB3B81D177F}.Release|x64.Build.0 = Release|x64
		{0D5E4892-BC51-4FB5-A55D-6AB3B81D177F}.Release|x86.ActiveCfg = Release|Win32
		{0D5E4892-BC51-4FB5-A55D-6AB3B81D177F}.Release|x86.Build.0 = Release|Win32
		{64C2BD78-C9EC-456C-B87D-47393C1BF137}.Debug|x64.ActiveCfg = Debug|x64
		{64C2BD78-C9EC-456C-B87D-47393C1BF137}.Debug|x64.Build.0 = Debug|x64
		{64C2BD78-C9EC-456C-B87D-47393C1BF137}.Debug|x86.ActiveCfg = Debug|Win32
		{64C2BD78-C9EC-456C-B87D-47393C1BF137}.Debug|x86.Build.0 = Debug|Win32
		{64C2BD78-C9EC-456C-B87D-47393C1BF137}.Release|x64.ActiveCfg = Release|x64
		{64C2BD78-C9EC-456C-B87D-47393C1BF137}.Release|x64.Build.0 = Release|x64
		{64C2BD78-C9EC-456C-B87D-47393C1BF137}.Release|x86.ActiveCfg = Release|Win32
		{64C2BD78-C9EC-456C-B87D-47393C1BF137}.Release|x86.Build.0 = Release|Win32
		{943FC672-E5B7-4A0A-A837-36EA71DBA202}.Debug|x64.ActiveCfg = Debug|x64
		{943FC672-E5B7-4A0A-A837-36EA71DBA202}.Debug|x64.Build.0 = Debug|x64
		{943FC672-E5B7-4A0A-A837-36EA71DBA202}.Debug|x86.ActiveCfg = Debug|Win32
		{943FC672-E5B7-4A0A-A837-36EA71DBA202}.Debug|x86.Build.0 = Debug|Win32
		{943FC672-E5B7-4A0A-A837-36EA71DBA202}.Release|x64.ActiveCfg = Release|x64
		{943FC672-E5B7-4A0A-A837-36EA71DBA202}.Release|x64.Build.0 = Release|x64
		{943FC672-E5B7-4A0A-A837-36EA71DBA202}.Release|x86.ActiveCfg = Release|Win32
		{943FC672-E5B7-4A0A-A837-36EA71DBA202}.Release|x86.Build.0 = Release|Win32
		{45E6E2C0-009B-4436-9822-35B46E7422E9}.Debug|x64.ActiveCfg = Debug|x64
		{45E6E2C0-009B-4436-9822-35B46E7422E9}.Debug|x64.Build.0 = Debug|x64
		{45E6E2C0-009B-4436-9822-35B46E7422E9}.Debug|x86.ActiveCfg = Debug|Win32
		{45E6E2C0-009B-4436-9822-35B46E7422E9}.Debug|x86.Build.0 = Debug|Win32
		{45E6E2C0-009B-4436-9822-35B46E7422E9}.Release|x64.ActiveCfg = Release|x64
		{45E6E2C0-009B-4436-9822-35B46E7422E9}.Release|x64.Build.0 = Release|x64
		{45E6E2C0-009B-4436-9822-35B46E7422E9}.Release|x86.ActiveCfg = Release|Win32
		{45E6E2C0-009B-4436-9822-35B46E7422E9}.Release|x86.Build.0 = Release|Win32
		{CBC37396-94DE-4B7B-8ECF-255A35C93ADA}.Debug|x64.ActiveCfg = Debug|x64
		{CBC37396-94DE-4B7B-8ECF-255A35C93ADA}.Debug|x64.Build.0 = Debug|x64
		{CBC37396-94DE-4B7B-8ECF-255A35C93ADA}.Debug|x86.ActiveCfg = Debug|Win32
		{CBC37396-94DE-4B7B-8ECF-255A35C93ADA}.Debug|x86.Build.0 = Debug|Win32
		{CBC37396-94DE-4B7B-8ECF-255A35C93ADA}.Release|x64.ActiveCfg = Release|x64
		{CBC37396-94DE-4B7B-8ECF-255A35C93ADA}.Release|x64.Build.0 = Release|x64
		{CBC37396-94DE-4B7B-8ECF-255A35C93ADA}.Release|x86.ActiveCfg = Release|Win32
		{CBC37396-94DE-4B7B-8ECF-255A35C93ADA}.Release|x86.Build.0 = Release|Win32
		{5FEC7D0D-F9F6-457D-BC9E-18D2FA4338B0}.Debug|x64.ActiveCfg = Debug|x64
		{5FEC7D0D-F9F6-457D-BC9E-18D2FA4338B0}.Debug|x64.Build.0 = Debug|x64
		{5FEC7D0D-F9F6-457D-BC9E-18D2FA4338B0}.Debug|x86.ActiveCfg = Debug|Win32
		{5FEC7D0D-F9F6-457D-BC9E-18D2FA4338B0}.Debug|x86.Build.0 = Debug|Win32
		{5FEC7D0D-F9F6-457D-BC9E-18D2FA4338B0}.Release|x64.ActiveCfg = Release|x64
		{5FEC7D0D-F9F6-457D-BC9E-18D2FA4338B0}.Release|x64.Build.0 = Release|x64
		{5FEC7D0D-F9F6-457D-BC9E-18D2FA4338B0}.Release|x86.ActiveCfg = Release|Win32
		{5FEC7D0D-F9F6-457D-BC9E-18D2FA4338B0}.Release|x86.Build.0 = Release|Win32
		{DCE74441-F407-4ADB-A4FC-C744BB6D17B0}.Debug|x64.ActiveCfg = Debug|x64
		{DCE74441-F407-4ADB-A4FC-C744BB6D17B0}.Debug|x64.Build.0 = Debug|x64
		{DCE74441-F407-4ADB-A4FC-C744BB6D17B0}.Debug|x86.ActiveCfg = Debug|Win32
		{DCE74441-F407-4ADB-A4FC-C744BB6D17B0}.Debug|x86.Build.0 = Debug|Win32
		{DCE74441-F407-4ADB-A4FC-C744BB6D17B0}.Release|x64.ActiveCfg = Release|x64
		{DCE74441-F407-4ADB-A4FC-C744BB6D17B0}.Release|x64.Build.0 = Release|x64
		{DCE74441-F407-4ADB-A4FC-C744BB6D17B0}.Release|x86.ActiveCfg = Release|Win32
		{DCE74441-F407-4ADB-A4FC-C744BB6D17B0}.Release|x86.Build.0 = Release|Win32
		{17F76B9B-272A-4354-B6FE-BB5379192A4C}.Debug|x64.ActiveCfg = Debug|x64
		{17F76B9B-272A-4354-B6FE-BB5379192A4C}.Debug|x64.Build.0 = Debug|x64
		{17F76B9B-272A-4354-B6FE-BB5379192A4C}.Debug|x86.ActiveCfg = Debug|Win32
		{17F76B9B-272A-4354-B6FE-BB5379192A4C}.Debug|x86.Build.0 = Debug|Win32
		{17F76B9B-272A-4354-B6FE-BB5379192A4C}.Release|x64.ActiveCfg = Release|x64
		{17F76B9B-272A-4354-B6FE-BB5379192A4C}.Release|x64.Build.0 = Release|x64
		{17F76B9B-272A-4354-B6FE-BB5379192A4C}.Release|x86.ActiveCfg = Release|Win32
		{17F76B9B-272A-4354-B6FE-BB5379192A4C}.Release|x86.Build.0 = Release|Win32
		{4606F1D7-8C6C-4889-A5EE-3AAEB9FEAC3D}.Debug|x64.ActiveCfg = Debug|x64
		{4606F1D7-8C6C-4889-A5EE-3AAEB9FEAC3D}.Debug|x64.Build.0 = Debug|x64
		{4606F1D7-8C6C-4889-A5EE-3AAEB9FEAC3D}.Debug|x86.ActiveCfg = Debug|Win32
		{4606F1D7-8C6C-4889-A5EE-3AAEB9FEAC3D}.Debug|x86.Build.0 = Debug|Win32
		{4606F1D7-8C6C-4889-A5EE-3AAEB9FEAC3D}.Release|x64.ActiveCfg = Release|x64
		{4606F1D7-8C6C-4889-A5EE-3AAEB9FEAC3D}.Release|x64.Build.0 = Release|x64
		{4606F1D7-8C6C-4889-A5EE-3AAEB9FEAC3D}.Release|x86.ActiveCfg = Release|Win32
		{4606F1D7-8C6C-4889-A5EE-3AAEB9FEAC3D}.Release|x86.Build.0 = Release|Win32
	EndGlobalSection
	GlobalSection(SolutionProperties) = preSolution
		HideSolutionNode = FALSE
	EndGlobalSection
	GlobalSection(ExtensibilityGlobals) = postSolution
		SolutionGuid = {82D31D8C-EBCF-449F-8660-D74CFF9EEDE6}
	EndGlobalSection
EndGlobal
