
Microsoft Visual Studio Solution File, Format Version 12.00
# Visual Studio 15
VisualStudioVersion = 15.0.28010.2041
MinimumVisualStudioVersion = 10.0.40219.1
Project("{8BC9CEB8-8B4A-11D0-8D11-00A0C91BC942}") = "ex1.2", "ex1.2\ex1.2.vcxproj", "{A17F89DE-705F-4113-B4C8-0EB21F708CEE}"
EndProject
Project("{8BC9CEB8-8B4A-11D0-8D11-00A0C91BC942}") = "ex1.3", "ex1.3\ex1.3.vcxproj", "{56F02E76-1C9B-4EBB-A550-758D7ABD9BCE}"
EndProject
Project("{8BC9CEB8-8B4A-11D0-8D11-00A0C91BC942}") = "ex1.4", "ex1.4\ex1.4.vcxproj", "{9754D0D3-6D03-49EF-AE7C-41FD04D4AA5B}"
EndProject
Project("{8BC9CEB8-8B4A-11D0-8D11-00A0C91BC942}") = "ex1.5", "ex1.5\ex1.5.vcxproj", "{FB8F650E-D14B-46DA-9819-81F6C361B41C}"
EndProject
Project("{8BC9CEB8-8B4A-11D0-8D11-00A0C91BC942}") = "ex1.6", "ex1.6\ex1.6.vcxproj", "{67386C2E-287F-48F6-B28D-CE2E04689BD3}"
EndProject
Project("{8BC9CEB8-8B4A-11D0-8D11-00A0C91BC942}") = "ex1.1", "ex1.1\ex1.1.vcxproj", "{35572799-8AD1-4A3A-A030-8DFE8FF3173B}"
EndProject
Project("{8BC9CEB8-8B4A-11D0-8D11-00A0C91BC942}") = "ex2.1", "ex2.1\ex2.1.vcxproj", "{EA1C0350-A1AB-448B-B28F-33FEF443EC18}"
EndProject
Project("{8BC9CEB8-8B4A-11D0-8D11-00A0C91BC942}") = "ex2.2a", "ex2.2\ex2.2.vcxproj", "{B9F3250F-F0E4-431F-BB5A-2A19F308C674}"
EndProject
Project("{8BC9CEB8-8B4A-11D0-8D11-00A0C91BC942}") = "ex2.2b", "ex2.2b\ex2.2b.vcxproj", "{536188AB-394A-4C98-99E3-518AB1A18122}"
EndProject
Project("{8BC9CEB8-8B4A-11D0-8D11-00A0C91BC942}") = "ex2.2c", "ex2.2c\ex2.2c.vcxproj", "{AB44F855-F28E-43B7-82F8-7D1CDB3E7A20}"
EndProject
Project("{8BC9CEB8-8B4A-11D0-8D11-00A0C91BC942}") = "ex2.3", "ex2.3\ex2.3.vcxproj", "{72A46D82-C250-4AF7-86AC-55550EE4E5AF}"
EndProject
Project("{8BC9CEB8-8B4A-11D0-8D11-00A0C91BC942}") = "ex2.4", "ex2.4\ex2.4.vcxproj", "{55FF8368-829F-4FB0-8C3A-F47608C0855C}"
EndProject
Global
	GlobalSection(SolutionConfigurationPlatforms) = preSolution
		Debug|x64 = Debug|x64
		Debug|x86 = Debug|x86
		Release|x64 = Release|x64
		Release|x86 = Release|x86
	EndGlobalSection
	GlobalSection(ProjectConfigurationPlatforms) = postSolution
		{A17F89DE-705F-4113-B4C8-0EB21F708CEE}.Debug|x64.ActiveCfg = Debug|x64
		{A17F89DE-705F-4113-B4C8-0EB21F708CEE}.Debug|x64.Build.0 = Debug|x64
		{A17F89DE-705F-4113-B4C8-0EB21F708CEE}.Debug|x86.ActiveCfg = Debug|Win32
		{A17F89DE-705F-4113-B4C8-0EB21F708CEE}.Debug|x86.Build.0 = Debug|Win32
		{A17F89DE-705F-4113-B4C8-0EB21F708CEE}.Release|x64.ActiveCfg = Release|x64
		{A17F89DE-705F-4113-B4C8-0EB21F708CEE}.Release|x64.Build.0 = Release|x64
		{A17F89DE-705F-4113-B4C8-0EB21F708CEE}.Release|x86.ActiveCfg = Release|Win32
		{A17F89DE-705F-4113-B4C8-0EB21F708CEE}.Release|x86.Build.0 = Release|Win32
		{56F02E76-1C9B-4EBB-A550-758D7ABD9BCE}.Debug|x64.ActiveCfg = Debug|x64
		{56F02E76-1C9B-4EBB-A550-758D7ABD9BCE}.Debug|x64.Build.0 = Debug|x64
		{56F02E76-1C9B-4EBB-A550-758D7ABD9BCE}.Debug|x86.ActiveCfg = Debug|Win32
		{56F02E76-1C9B-4EBB-A550-758D7ABD9BCE}.Debug|x86.Build.0 = Debug|Win32
		{56F02E76-1C9B-4EBB-A550-758D7ABD9BCE}.Release|x64.ActiveCfg = Release|x64
		{56F02E76-1C9B-4EBB-A550-758D7ABD9BCE}.Release|x64.Build.0 = Release|x64
		{56F02E76-1C9B-4EBB-A550-758D7ABD9BCE}.Release|x86.ActiveCfg = Release|Win32
		{56F02E76-1C9B-4EBB-A550-758D7ABD9BCE}.Release|x86.Build.0 = Release|Win32
		{9754D0D3-6D03-49EF-AE7C-41FD04D4AA5B}.Debug|x64.ActiveCfg = Debug|x64
		{9754D0D3-6D03-49EF-AE7C-41FD04D4AA5B}.Debug|x64.Build.0 = Debug|x64
		{9754D0D3-6D03-49EF-AE7C-41FD04D4AA5B}.Debug|x86.ActiveCfg = Debug|Win32
		{9754D0D3-6D03-49EF-AE7C-41FD04D4AA5B}.Debug|x86.Build.0 = Debug|Win32
		{9754D0D3-6D03-49EF-AE7C-41FD04D4AA5B}.Release|x64.ActiveCfg = Release|x64
		{9754D0D3-6D03-49EF-AE7C-41FD04D4AA5B}.Release|x64.Build.0 = Release|x64
		{9754D0D3-6D03-49EF-AE7C-41FD04D4AA5B}.Release|x86.ActiveCfg = Release|Win32
		{9754D0D3-6D03-49EF-AE7C-41FD04D4AA5B}.Release|x86.Build.0 = Release|Win32
		{FB8F650E-D14B-46DA-9819-81F6C361B41C}.Debug|x64.ActiveCfg = Debug|x64
		{FB8F650E-D14B-46DA-9819-81F6C361B41C}.Debug|x64.Build.0 = Debug|x64
		{FB8F650E-D14B-46DA-9819-81F6C361B41C}.Debug|x86.ActiveCfg = Debug|Win32
		{FB8F650E-D14B-46DA-9819-81F6C361B41C}.Debug|x86.Build.0 = Debug|Win32
		{FB8F650E-D14B-46DA-9819-81F6C361B41C}.Release|x64.ActiveCfg = Release|x64
		{FB8F650E-D14B-46DA-9819-81F6C361B41C}.Release|x64.Build.0 = Release|x64
		{FB8F650E-D14B-46DA-9819-81F6C361B41C}.Release|x86.ActiveCfg = Release|Win32
		{FB8F650E-D14B-46DA-9819-81F6C361B41C}.Release|x86.Build.0 = Release|Win32
		{67386C2E-287F-48F6-B28D-CE2E04689BD3}.Debug|x64.ActiveCfg = Debug|x64
		{67386C2E-287F-48F6-B28D-CE2E04689BD3}.Debug|x64.Build.0 = Debug|x64
		{67386C2E-287F-48F6-B28D-CE2E04689BD3}.Debug|x86.ActiveCfg = Debug|Win32
		{67386C2E-287F-48F6-B28D-CE2E04689BD3}.Debug|x86.Build.0 = Debug|Win32
		{67386C2E-287F-48F6-B28D-CE2E04689BD3}.Release|x64.ActiveCfg = Release|x64
		{67386C2E-287F-48F6-B28D-CE2E04689BD3}.Release|x64.Build.0 = Release|x64
		{67386C2E-287F-48F6-B28D-CE2E04689BD3}.Release|x86.ActiveCfg = Release|Win32
		{67386C2E-287F-48F6-B28D-CE2E04689BD3}.Release|x86.Build.0 = Release|Win32
		{35572799-8AD1-4A3A-A030-8DFE8FF3173B}.Debug|x64.ActiveCfg = Debug|x64
		{35572799-8AD1-4A3A-A030-8DFE8FF3173B}.Debug|x64.Build.0 = Debug|x64
		{35572799-8AD1-4A3A-A030-8DFE8FF3173B}.Debug|x86.ActiveCfg = Debug|Win32
		{35572799-8AD1-4A3A-A030-8DFE8FF3173B}.Debug|x86.Build.0 = Debug|Win32
		{35572799-8AD1-4A3A-A030-8DFE8FF3173B}.Release|x64.ActiveCfg = Release|x64
		{35572799-8AD1-4A3A-A030-8DFE8FF3173B}.Release|x64.Build.0 = Release|x64
		{35572799-8AD1-4A3A-A030-8DFE8FF3173B}.Release|x86.ActiveCfg = Release|Win32
		{35572799-8AD1-4A3A-A030-8DFE8FF3173B}.Release|x86.Build.0 = Release|Win32
		{EA1C0350-A1AB-448B-B28F-33FEF443EC18}.Debug|x64.ActiveCfg = Debug|x64
		{EA1C0350-A1AB-448B-B28F-33FEF443EC18}.Debug|x64.Build.0 = Debug|x64
		{EA1C0350-A1AB-448B-B28F-33FEF443EC18}.Debug|x86.ActiveCfg = Debug|Win32
		{EA1C0350-A1AB-448B-B28F-33FEF443EC18}.Debug|x86.Build.0 = Debug|Win32
		{EA1C0350-A1AB-448B-B28F-33FEF443EC18}.Release|x64.ActiveCfg = Release|x64
		{EA1C0350-A1AB-448B-B28F-33FEF443EC18}.Release|x64.Build.0 = Release|x64
		{EA1C0350-A1AB-448B-B28F-33FEF443EC18}.Release|x86.ActiveCfg = Release|Win32
		{EA1C0350-A1AB-448B-B28F-33FEF443EC18}.Release|x86.Build.0 = Release|Win32
		{B9F3250F-F0E4-431F-BB5A-2A19F308C674}.Debug|x64.ActiveCfg = Debug|x64
		{B9F3250F-F0E4-431F-BB5A-2A19F308C674}.Debug|x64.Build.0 = Debug|x64
		{B9F3250F-F0E4-431F-BB5A-2A19F308C674}.Debug|x86.ActiveCfg = Debug|Win32
		{B9F3250F-F0E4-431F-BB5A-2A19F308C674}.Debug|x86.Build.0 = Debug|Win32
		{B9F3250F-F0E4-431F-BB5A-2A19F308C674}.Release|x64.ActiveCfg = Release|x64
		{B9F3250F-F0E4-431F-BB5A-2A19F308C674}.Release|x64.Build.0 = Release|x64
		{B9F3250F-F0E4-431F-BB5A-2A19F308C674}.Release|x86.ActiveCfg = Release|Win32
		{B9F3250F-F0E4-431F-BB5A-2A19F308C674}.Release|x86.Build.0 = Release|Win32
		{536188AB-394A-4C98-99E3-518AB1A18122}.Debug|x64.ActiveCfg = Debug|x64
		{536188AB-394A-4C98-99E3-518AB1A18122}.Debug|x64.Build.0 = Debug|x64
		{536188AB-394A-4C98-99E3-518AB1A18122}.Debug|x86.ActiveCfg = Debug|Win32
		{536188AB-394A-4C98-99E3-518AB1A18122}.Debug|x86.Build.0 = Debug|Win32
		{536188AB-394A-4C98-99E3-518AB1A18122}.Release|x64.ActiveCfg = Release|x64
		{536188AB-394A-4C98-99E3-518AB1A18122}.Release|x64.Build.0 = Release|x64
		{536188AB-394A-4C98-99E3-518AB1A18122}.Release|x86.ActiveCfg = Release|Win32
		{536188AB-394A-4C98-99E3-518AB1A18122}.Release|x86.Build.0 = Release|Win32
		{AB44F855-F28E-43B7-82F8-7D1CDB3E7A20}.Debug|x64.ActiveCfg = Debug|x64
		{AB44F855-F28E-43B7-82F8-7D1CDB3E7A20}.Debug|x64.Build.0 = Debug|x64
		{AB44F855-F28E-43B7-82F8-7D1CDB3E7A20}.Debug|x86.ActiveCfg = Debug|Win32
		{AB44F855-F28E-43B7-82F8-7D1CDB3E7A20}.Debug|x86.Build.0 = Debug|Win32
		{AB44F855-F28E-43B7-82F8-7D1CDB3E7A20}.Release|x64.ActiveCfg = Release|x64
		{AB44F855-F28E-43B7-82F8-7D1CDB3E7A20}.Release|x64.Build.0 = Release|x64
		{AB44F855-F28E-43B7-82F8-7D1CDB3E7A20}.Release|x86.ActiveCfg = Release|Win32
		{AB44F855-F28E-43B7-82F8-7D1CDB3E7A20}.Release|x86.Build.0 = Release|Win32
		{72A46D82-C250-4AF7-86AC-55550EE4E5AF}.Debug|x64.ActiveCfg = Debug|x64
		{72A46D82-C250-4AF7-86AC-55550EE4E5AF}.Debug|x64.Build.0 = Debug|x64
		{72A46D82-C250-4AF7-86AC-55550EE4E5AF}.Debug|x86.ActiveCfg = Debug|Win32
		{72A46D82-C250-4AF7-86AC-55550EE4E5AF}.Debug|x86.Build.0 = Debug|Win32
		{72A46D82-C250-4AF7-86AC-55550EE4E5AF}.Release|x64.ActiveCfg = Release|x64
		{72A46D82-C250-4AF7-86AC-55550EE4E5AF}.Release|x64.Build.0 = Release|x64
		{72A46D82-C250-4AF7-86AC-55550EE4E5AF}.Release|x86.ActiveCfg = Release|Win32
		{72A46D82-C250-4AF7-86AC-55550EE4E5AF}.Release|x86.Build.0 = Release|Win32
		{55FF8368-829F-4FB0-8C3A-F47608C0855C}.Debug|x64.ActiveCfg = Debug|x64
		{55FF8368-829F-4FB0-8C3A-F47608C0855C}.Debug|x64.Build.0 = Debug|x64
		{55FF8368-829F-4FB0-8C3A-F47608C0855C}.Debug|x86.ActiveCfg = Debug|Win32
		{55FF8368-829F-4FB0-8C3A-F47608C0855C}.Debug|x86.Build.0 = Debug|Win32
		{55FF8368-829F-4FB0-8C3A-F47608C0855C}.Release|x64.ActiveCfg = Release|x64
		{55FF8368-829F-4FB0-8C3A-F47608C0855C}.Release|x64.Build.0 = Release|x64
		{55FF8368-829F-4FB0-8C3A-F47608C0855C}.Release|x86.ActiveCfg = Release|Win32
		{55FF8368-829F-4FB0-8C3A-F47608C0855C}.Release|x86.Build.0 = Release|Win32
	EndGlobalSection
	GlobalSection(SolutionProperties) = preSolution
		HideSolutionNode = FALSE
	EndGlobalSection
	GlobalSection(ExtensibilityGlobals) = postSolution
		SolutionGuid = {82D31D8C-EBCF-449F-8660-D74CFF9EEDE6}
	EndGlobalSection
EndGlobal
